
Microsoft Visual Studio Solution File, Format Version 12.00
# Visual Studio Version 17
VisualStudioVersion = 17.0.31903.59
MinimumVisualStudioVersion = 10.0.40219.1
Project("{2150E333-8FDC-42A3-9474-1A3956D46DE8}") = "source", "source", "{02EA681E-C7D8-13C7-8484-4AC65E1B71E8}"
EndProject
Project("{2150E333-8FDC-42A3-9474-1A3956D46DE8}") = "Shared", "Shared", "{C6B9CA6E-586B-4BED-9CF0-B5AF69D49664}"
EndProject
Project("{2150E333-8FDC-42A3-9474-1A3956D46DE8}") = "ApiGateways", "ApiGateways", "{112D5237-C1E7-409A-8B69-44E54229F2BB}"
EndProject
Project("{2150E333-8FDC-42A3-9474-1A3956D46DE8}") = "Services", "Services", "{44938AF1-9953-4D76-B4C3-10F043BF4986}"
EndProject
Project("{2150E333-8FDC-42A3-9474-1A3956D46DE8}") = "Web", "Web", "{E09DD6CA-8BA7-4E90-98A6-AC5940C30D91}"
EndProject
Project("{2150E333-8FDC-42A3-9474-1A3956D46DE8}") = "Identity", "Identity", "{C18F8E4D-1E8B-4188-ABBE-509665BDAAAC}"
EndProject
Project("{FAE04EC0-301F-11D3-BF4B-00C04F79EFBC}") = "Microservices.Saga.Orchestration.AppHost", "source\Microservices.Saga.Orchestration.AppHost\Microservices.Saga.Orchestration.AppHost.csproj", "{ECFD0674-EF88-447D-9DF3-7934880E1929}"
EndProject
Project("{FAE04EC0-301F-11D3-BF4B-00C04F79EFBC}") = "Microservices.Saga.Orchestration.ServiceDefaults", "source\Shared\Microservices.Saga.Orchestration.ServiceDefaults\Microservices.Saga.Orchestration.ServiceDefaults.csproj", "{ED667514-2527-ACA3-7480-46EB3A180F05}"
EndProject
Project("{FAE04EC0-301F-11D3-BF4B-00C04F79EFBC}") = "Microservices.Saga.Orchestration.Tests", "tests\Microservices.Saga.Orchestration.Tests\Microservices.Saga.Orchestration.Tests.csproj", "{B2D9E81C-6E5F-AC3E-14D3-623825AB4257}"
EndProject
Project("{2150E333-8FDC-42A3-9474-1A3956D46DE8}") = "Web", "Web", "{9B06DE56-AE27-49E5-B081-F1AFBF9D1431}"
EndProject
Project("{FAE04EC0-301F-11D3-BF4B-00C04F79EFBC}") = "Ocelot.ApiGateway.Web", "source\ApiGateways\Web\Ocelot.ApiGateway.Web\Ocelot.ApiGateway.Web.csproj", "{9668F843-850D-4A61-A336-AC774881C6DF}"
EndProject
Project("{2150E333-8FDC-42A3-9474-1A3956D46DE8}") = "Product", "Product", "{3EF7ECE7-4864-4070-BAD0-64458BD2005A}"
EndProject
Project("{2150E333-8FDC-42A3-9474-1A3956D46DE8}") = "Order", "Order", "{C39566FF-4577-40C1-B529-01C083AB5569}"
EndProject
Project("{2150E333-8FDC-42A3-9474-1A3956D46DE8}") = "Payment", "Payment", "{C31BF3BC-4571-4790-9C69-C1525F354BCF}"
EndProject
Project("{FAE04EC0-301F-11D3-BF4B-00C04F79EFBC}") = "Product.API", "source\Services\Product\Product.API\Product.API.csproj", "{E89CAECF-9A82-4D84-A1B1-2C52A5146A34}"
EndProject
Project("{FAE04EC0-301F-11D3-BF4B-00C04F79EFBC}") = "Order.API", "source\Services\Order\Order.API\Order.API.csproj", "{51955138-D568-4F86-BF85-50ABE31B4222}"
EndProject
Project("{FAE04EC0-301F-11D3-BF4B-00C04F79EFBC}") = "Payment.API", "source\Services\Payment\Payment.API\Payment.API.csproj", "{71B58564-540D-489F-9654-CD30E4312DE9}"
EndProject
Project("{FAE04EC0-301F-11D3-BF4B-00C04F79EFBC}") = "Identity", "source\Services\Identity\src\Identity\Identity.csproj", "{2AA26F8E-6F45-E6E9-0EF0-2B01D5FD8518}"
EndProject
Project("{FAE04EC0-301F-11D3-BF4B-00C04F79EFBC}") = "Identity.Api", "source\Services\Identity\src\Identity.Api\Identity.Api.csproj", "{96B648A1-299B-0369-0C98-19BC83A7CEF9}"
EndProject
Project("{FAE04EC0-301F-11D3-BF4B-00C04F79EFBC}") = "Identity.STS.Identity", "source\Services\Identity\src\Identity.STS.Identity\Identity.STS.Identity.csproj", "{6AFE1399-CC9E-F460-FF1A-F406CCF7D8C2}"
EndProject
Project("{2150E333-8FDC-42A3-9474-1A3956D46DE8}") = "tests", "tests", "{FE72E2FD-A75C-4D74-8087-EAA1038FF4A9}"
EndProject
Project("{2150E333-8FDC-42A3-9474-1A3956D46DE8}") = "Orchestration", "Orchestration", "{444CB9C3-D60E-428D-8934-0914C1F00460}"
EndProject
Project("{FAE04EC0-301F-11D3-BF4B-00C04F79EFBC}") = "Orchestration.Service", "source\Services\Orchestration\Orchestration.Service\Orchestration.Service.csproj", "{D23C0632-96B4-4018-914C-F6E02F7665C7}"
EndProject
Project("{FAE04EC0-301F-11D3-BF4B-00C04F79EFBC}") = "Microservices.Saga.Orchestration.Shared", "source\Shared\Microservices.Saga.Orchestration.Shared\Microservices.Saga.Orchestration.Shared.csproj", "{6AAD00B2-C7D6-4F0E-ADB7-60EA4EC64DE9}"
EndProject
Project("{FAE04EC0-301F-11D3-BF4B-00C04F79EFBC}") = "Orchestration.Core", "source\Services\Orchestration\Orchestration.Core\Orchestration.Core.csproj", "{E0C1DD85-E4FE-4E77-8190-785B1117FC7D}"
EndProject
Project("{FAE04EC0-301F-11D3-BF4B-00C04F79EFBC}") = "Orchestration.Application", "source\Services\Orchestration\Orchestration.Application\Orchestration.Application.csproj", "{FEF63059-E45C-4761-8F8A-01BE54EB21C1}"
EndProject
Project("{FAE04EC0-301F-11D3-BF4B-00C04F79EFBC}") = "Orchestration.Infrastructure", "source\Services\Orchestration\Orchestration.Infrastructure\Orchestration.Infrastructure.csproj", "{C1D279C9-D6E4-43A3-BA93-B05BEB6B8162}"
EndProject
Project("{FAE04EC0-301F-11D3-BF4B-00C04F79EFBC}") = "Order.Core", "source\Services\Order\Order.Core\Order.Core.csproj", "{5BF96924-5400-4B40-AEBE-BDF9FC92B736}"
EndProject
Project("{FAE04EC0-301F-11D3-BF4B-00C04F79EFBC}") = "Order.Application", "source\Services\Order\Order.Application\Order.Application.csproj", "{2F738663-5981-428F-9FC2-63D4823E7653}"
EndProject
Project("{FAE04EC0-301F-11D3-BF4B-00C04F79EFBC}") = "Order.Infrastructure", "source\Services\Order\Order.Infrastructure\Order.Infrastructure.csproj", "{AAA0C2FD-A013-4B38-8E65-F9D71087314F}"
EndProject
Project("{FAE04EC0-301F-11D3-BF4B-00C04F79EFBC}") = "Payment.Core", "source\Services\Payment\Payment.Core\Payment.Core.csproj", "{C55F96A6-2261-4B3F-A25B-5F70BA5369E4}"
EndProject
Project("{FAE04EC0-301F-11D3-BF4B-00C04F79EFBC}") = "Payment.Application", "source\Services\Payment\Payment.Application\Payment.Application.csproj", "{13261427-79B9-4C06-AF53-C7BB081A8658}"
EndProject
Project("{FAE04EC0-301F-11D3-BF4B-00C04F79EFBC}") = "Payment.Infrastructure", "source\Services\Payment\Payment.Infrastructure\Payment.Infrastructure.csproj", "{842FD50D-7042-45AB-B8B3-90EB79854CCF}"
EndProject
Project("{FAE04EC0-301F-11D3-BF4B-00C04F79EFBC}") = "Product.Core", "source\Services\Product\Product.Core\Product.Core.csproj", "{ADE56DBF-2BD2-4A93-B625-6A1F033986A5}"
EndProject
Project("{FAE04EC0-301F-11D3-BF4B-00C04F79EFBC}") = "Product.Application", "source\Services\Product\Product.Application\Product.Application.csproj", "{DBE5B03A-B0FE-4E85-BD70-C84CD62C081C}"
EndProject
Project("{FAE04EC0-301F-11D3-BF4B-00C04F79EFBC}") = "Product.Infrastructure", "source\Services\Product\Product.Infrastructure\Product.Infrastructure.csproj", "{4111C281-D93A-4B00-98AA-CD8E22BC2AEC}"
EndProject
Project("{FAE04EC0-301F-11D3-BF4B-00C04F79EFBC}") = "BlazorWebAppOidc.Client", "source\Web\BlazorWebAppOidc.Client\BlazorWebAppOidc.Client.csproj", "{08B30811-4C85-7073-16FA-9152F3329D90}"
EndProject
Project("{FAE04EC0-301F-11D3-BF4B-00C04F79EFBC}") = "BlazorWebAppOidc", "source\Web\BlazorWebAppOidc\BlazorWebAppOidc.csproj", "{9D5E6423-E3C6-098D-72BB-869758186C05}"
EndProject
Global
	GlobalSection(SolutionConfigurationPlatforms) = preSolution
		Debug|Any CPU = Debug|Any CPU
		Release|Any CPU = Release|Any CPU
	EndGlobalSection
	GlobalSection(ProjectConfigurationPlatforms) = postSolution
		{ECFD0674-EF88-447D-9DF3-7934880E1929}.Debug|Any CPU.ActiveCfg = Debug|Any CPU
		{ECFD0674-EF88-447D-9DF3-7934880E1929}.Debug|Any CPU.Build.0 = Debug|Any CPU
		{ECFD0674-EF88-447D-9DF3-7934880E1929}.Release|Any CPU.ActiveCfg = Release|Any CPU
		{ECFD0674-EF88-447D-9DF3-7934880E1929}.Release|Any CPU.Build.0 = Release|Any CPU
		{ED667514-2527-ACA3-7480-46EB3A180F05}.Debug|Any CPU.ActiveCfg = Debug|Any CPU
		{ED667514-2527-ACA3-7480-46EB3A180F05}.Debug|Any CPU.Build.0 = Debug|Any CPU
		{ED667514-2527-ACA3-7480-46EB3A180F05}.Release|Any CPU.ActiveCfg = Release|Any CPU
		{ED667514-2527-ACA3-7480-46EB3A180F05}.Release|Any CPU.Build.0 = Release|Any CPU
		{B2D9E81C-6E5F-AC3E-14D3-623825AB4257}.Debug|Any CPU.ActiveCfg = Debug|Any CPU
		{B2D9E81C-6E5F-AC3E-14D3-623825AB4257}.Debug|Any CPU.Build.0 = Debug|Any CPU
		{B2D9E81C-6E5F-AC3E-14D3-623825AB4257}.Release|Any CPU.ActiveCfg = Release|Any CPU
		{B2D9E81C-6E5F-AC3E-14D3-623825AB4257}.Release|Any CPU.Build.0 = Release|Any CPU
		{9668F843-850D-4A61-A336-AC774881C6DF}.Debug|Any CPU.ActiveCfg = Debug|Any CPU
		{9668F843-850D-4A61-A336-AC774881C6DF}.Debug|Any CPU.Build.0 = Debug|Any CPU
		{9668F843-850D-4A61-A336-AC774881C6DF}.Release|Any CPU.ActiveCfg = Release|Any CPU
		{9668F843-850D-4A61-A336-AC774881C6DF}.Release|Any CPU.Build.0 = Release|Any CPU
		{E89CAECF-9A82-4D84-A1B1-2C52A5146A34}.Debug|Any CPU.ActiveCfg = Debug|Any CPU
		{E89CAECF-9A82-4D84-A1B1-2C52A5146A34}.Debug|Any CPU.Build.0 = Debug|Any CPU
		{E89CAECF-9A82-4D84-A1B1-2C52A5146A34}.Release|Any CPU.ActiveCfg = Release|Any CPU
		{E89CAECF-9A82-4D84-A1B1-2C52A5146A34}.Release|Any CPU.Build.0 = Release|Any CPU
		{51955138-D568-4F86-BF85-50ABE31B4222}.Debug|Any CPU.ActiveCfg = Debug|Any CPU
		{51955138-D568-4F86-BF85-50ABE31B4222}.Debug|Any CPU.Build.0 = Debug|Any CPU
		{51955138-D568-4F86-BF85-50ABE31B4222}.Release|Any CPU.ActiveCfg = Release|Any CPU
		{51955138-D568-4F86-BF85-50ABE31B4222}.Release|Any CPU.Build.0 = Release|Any CPU
		{71B58564-540D-489F-9654-CD30E4312DE9}.Debug|Any CPU.ActiveCfg = Debug|Any CPU
		{71B58564-540D-489F-9654-CD30E4312DE9}.Debug|Any CPU.Build.0 = Debug|Any CPU
		{71B58564-540D-489F-9654-CD30E4312DE9}.Release|Any CPU.ActiveCfg = Release|Any CPU
		{71B58564-540D-489F-9654-CD30E4312DE9}.Release|Any CPU.Build.0 = Release|Any CPU
		{2AA26F8E-6F45-E6E9-0EF0-2B01D5FD8518}.Debug|Any CPU.ActiveCfg = Debug|Any CPU
		{2AA26F8E-6F45-E6E9-0EF0-2B01D5FD8518}.Debug|Any CPU.Build.0 = Debug|Any CPU
		{2AA26F8E-6F45-E6E9-0EF0-2B01D5FD8518}.Release|Any CPU.ActiveCfg = Release|Any CPU
		{2AA26F8E-6F45-E6E9-0EF0-2B01D5FD8518}.Release|Any CPU.Build.0 = Release|Any CPU
		{96B648A1-299B-0369-0C98-19BC83A7CEF9}.Debug|Any CPU.ActiveCfg = Debug|Any CPU
		{96B648A1-299B-0369-0C98-19BC83A7CEF9}.Debug|Any CPU.Build.0 = Debug|Any CPU
		{96B648A1-299B-0369-0C98-19BC83A7CEF9}.Release|Any CPU.ActiveCfg = Release|Any CPU
		{96B648A1-299B-0369-0C98-19BC83A7CEF9}.Release|Any CPU.Build.0 = Release|Any CPU
		{6AFE1399-CC9E-F460-FF1A-F406CCF7D8C2}.Debug|Any CPU.ActiveCfg = Debug|Any CPU
		{6AFE1399-CC9E-F460-FF1A-F406CCF7D8C2}.Debug|Any CPU.Build.0 = Debug|Any CPU
		{6AFE1399-CC9E-F460-FF1A-F406CCF7D8C2}.Release|Any CPU.ActiveCfg = Release|Any CPU
		{6AFE1399-CC9E-F460-FF1A-F406CCF7D8C2}.Release|Any CPU.Build.0 = Release|Any CPU
		{D23C0632-96B4-4018-914C-F6E02F7665C7}.Debug|Any CPU.ActiveCfg = Debug|Any CPU
		{D23C0632-96B4-4018-914C-F6E02F7665C7}.Debug|Any CPU.Build.0 = Debug|Any CPU
		{D23C0632-96B4-4018-914C-F6E02F7665C7}.Release|Any CPU.ActiveCfg = Release|Any CPU
		{D23C0632-96B4-4018-914C-F6E02F7665C7}.Release|Any CPU.Build.0 = Release|Any CPU
		{6AAD00B2-C7D6-4F0E-ADB7-60EA4EC64DE9}.Debug|Any CPU.ActiveCfg = Debug|Any CPU
		{6AAD00B2-C7D6-4F0E-ADB7-60EA4EC64DE9}.Debug|Any CPU.Build.0 = Debug|Any CPU
		{6AAD00B2-C7D6-4F0E-ADB7-60EA4EC64DE9}.Release|Any CPU.ActiveCfg = Release|Any CPU
		{6AAD00B2-C7D6-4F0E-ADB7-60EA4EC64DE9}.Release|Any CPU.Build.0 = Release|Any CPU
		{E0C1DD85-E4FE-4E77-8190-785B1117FC7D}.Debug|Any CPU.ActiveCfg = Debug|Any CPU
		{E0C1DD85-E4FE-4E77-8190-785B1117FC7D}.Debug|Any CPU.Build.0 = Debug|Any CPU
		{E0C1DD85-E4FE-4E77-8190-785B1117FC7D}.Release|Any CPU.ActiveCfg = Release|Any CPU
		{E0C1DD85-E4FE-4E77-8190-785B1117FC7D}.Release|Any CPU.Build.0 = Release|Any CPU
		{FEF63059-E45C-4761-8F8A-01BE54EB21C1}.Debug|Any CPU.ActiveCfg = Debug|Any CPU
		{FEF63059-E45C-4761-8F8A-01BE54EB21C1}.Debug|Any CPU.Build.0 = Debug|Any CPU
		{FEF63059-E45C-4761-8F8A-01BE54EB21C1}.Release|Any CPU.ActiveCfg = Release|Any CPU
		{FEF63059-E45C-4761-8F8A-01BE54EB21C1}.Release|Any CPU.Build.0 = Release|Any CPU
		{C1D279C9-D6E4-43A3-BA93-B05BEB6B8162}.Debug|Any CPU.ActiveCfg = Debug|Any CPU
		{C1D279C9-D6E4-43A3-BA93-B05BEB6B8162}.Debug|Any CPU.Build.0 = Debug|Any CPU
		{C1D279C9-D6E4-43A3-BA93-B05BEB6B8162}.Release|Any CPU.ActiveCfg = Release|Any CPU
		{C1D279C9-D6E4-43A3-BA93-B05BEB6B8162}.Release|Any CPU.Build.0 = Release|Any CPU
		{5BF96924-5400-4B40-AEBE-BDF9FC92B736}.Debug|Any CPU.ActiveCfg = Debug|Any CPU
		{5BF96924-5400-4B40-AEBE-BDF9FC92B736}.Debug|Any CPU.Build.0 = Debug|Any CPU
		{5BF96924-5400-4B40-AEBE-BDF9FC92B736}.Release|Any CPU.ActiveCfg = Release|Any CPU
		{5BF96924-5400-4B40-AEBE-BDF9FC92B736}.Release|Any CPU.Build.0 = Release|Any CPU
		{2F738663-5981-428F-9FC2-63D4823E7653}.Debug|Any CPU.ActiveCfg = Debug|Any CPU
		{2F738663-5981-428F-9FC2-63D4823E7653}.Debug|Any CPU.Build.0 = Debug|Any CPU
		{2F738663-5981-428F-9FC2-63D4823E7653}.Release|Any CPU.ActiveCfg = Release|Any CPU
		{2F738663-5981-428F-9FC2-63D4823E7653}.Release|Any CPU.Build.0 = Release|Any CPU
		{AAA0C2FD-A013-4B38-8E65-F9D71087314F}.Debug|Any CPU.ActiveCfg = Debug|Any CPU
		{AAA0C2FD-A013-4B38-8E65-F9D71087314F}.Debug|Any CPU.Build.0 = Debug|Any CPU
		{AAA0C2FD-A013-4B38-8E65-F9D71087314F}.Release|Any CPU.ActiveCfg = Release|Any CPU
		{AAA0C2FD-A013-4B38-8E65-F9D71087314F}.Release|Any CPU.Build.0 = Release|Any CPU
		{C55F96A6-2261-4B3F-A25B-5F70BA5369E4}.Debug|Any CPU.ActiveCfg = Debug|Any CPU
		{C55F96A6-2261-4B3F-A25B-5F70BA5369E4}.Debug|Any CPU.Build.0 = Debug|Any CPU
		{C55F96A6-2261-4B3F-A25B-5F70BA5369E4}.Release|Any CPU.ActiveCfg = Release|Any CPU
		{C55F96A6-2261-4B3F-A25B-5F70BA5369E4}.Release|Any CPU.Build.0 = Release|Any CPU
		{13261427-79B9-4C06-AF53-C7BB081A8658}.Debug|Any CPU.ActiveCfg = Debug|Any CPU
		{13261427-79B9-4C06-AF53-C7BB081A8658}.Debug|Any CPU.Build.0 = Debug|Any CPU
		{13261427-79B9-4C06-AF53-C7BB081A8658}.Release|Any CPU.ActiveCfg = Release|Any CPU
		{13261427-79B9-4C06-AF53-C7BB081A8658}.Release|Any CPU.Build.0 = Release|Any CPU
		{842FD50D-7042-45AB-B8B3-90EB79854CCF}.Debug|Any CPU.ActiveCfg = Debug|Any CPU
		{842FD50D-7042-45AB-B8B3-90EB79854CCF}.Debug|Any CPU.Build.0 = Debug|Any CPU
		{842FD50D-7042-45AB-B8B3-90EB79854CCF}.Release|Any CPU.ActiveCfg = Release|Any CPU
		{842FD50D-7042-45AB-B8B3-90EB79854CCF}.Release|Any CPU.Build.0 = Release|Any CPU
		{ADE56DBF-2BD2-4A93-B625-6A1F033986A5}.Debug|Any CPU.ActiveCfg = Debug|Any CPU
		{ADE56DBF-2BD2-4A93-B625-6A1F033986A5}.Debug|Any CPU.Build.0 = Debug|Any CPU
		{ADE56DBF-2BD2-4A93-B625-6A1F033986A5}.Release|Any CPU.ActiveCfg = Release|Any CPU
		{ADE56DBF-2BD2-4A93-B625-6A1F033986A5}.Release|Any CPU.Build.0 = Release|Any CPU
		{DBE5B03A-B0FE-4E85-BD70-C84CD62C081C}.Debug|Any CPU.ActiveCfg = Debug|Any CPU
		{DBE5B03A-B0FE-4E85-BD70-C84CD62C081C}.Debug|Any CPU.Build.0 = Debug|Any CPU
		{DBE5B03A-B0FE-4E85-BD70-C84CD62C081C}.Release|Any CPU.ActiveCfg = Release|Any CPU
		{DBE5B03A-B0FE-4E85-BD70-C84CD62C081C}.Release|Any CPU.Build.0 = Release|Any CPU
		{4111C281-D93A-4B00-98AA-CD8E22BC2AEC}.Debug|Any CPU.ActiveCfg = Debug|Any CPU
		{4111C281-D93A-4B00-98AA-CD8E22BC2AEC}.Debug|Any CPU.Build.0 = Debug|Any CPU
		{4111C281-D93A-4B00-98AA-CD8E22BC2AEC}.Release|Any CPU.ActiveCfg = Release|Any CPU
		{4111C281-D93A-4B00-98AA-CD8E22BC2AEC}.Release|Any CPU.Build.0 = Release|Any CPU
		{08B30811-4C85-7073-16FA-9152F3329D90}.Debug|Any CPU.ActiveCfg = Debug|Any CPU
		{08B30811-4C85-7073-16FA-9152F3329D90}.Debug|Any CPU.Build.0 = Debug|Any CPU
		{08B30811-4C85-7073-16FA-9152F3329D90}.Release|Any CPU.ActiveCfg = Release|Any CPU
		{08B30811-4C85-7073-16FA-9152F3329D90}.Release|Any CPU.Build.0 = Release|Any CPU
		{9D5E6423-E3C6-098D-72BB-869758186C05}.Debug|Any CPU.ActiveCfg = Debug|Any CPU
		{9D5E6423-E3C6-098D-72BB-869758186C05}.Debug|Any CPU.Build.0 = Debug|Any CPU
		{9D5E6423-E3C6-098D-72BB-869758186C05}.Release|Any CPU.ActiveCfg = Release|Any CPU
		{9D5E6423-E3C6-098D-72BB-869758186C05}.Release|Any CPU.Build.0 = Release|Any CPU
	EndGlobalSection
	GlobalSection(SolutionProperties) = preSolution
		HideSolutionNode = FALSE
	EndGlobalSection
	GlobalSection(NestedProjects) = preSolution
		{C6B9CA6E-586B-4BED-9CF0-B5AF69D49664} = {02EA681E-C7D8-13C7-8484-4AC65E1B71E8}
		{112D5237-C1E7-409A-8B69-44E54229F2BB} = {02EA681E-C7D8-13C7-8484-4AC65E1B71E8}
		{44938AF1-9953-4D76-B4C3-10F043BF4986} = {02EA681E-C7D8-13C7-8484-4AC65E1B71E8}
		{E09DD6CA-8BA7-4E90-98A6-AC5940C30D91} = {02EA681E-C7D8-13C7-8484-4AC65E1B71E8}
		{C18F8E4D-1E8B-4188-ABBE-509665BDAAAC} = {44938AF1-9953-4D76-B4C3-10F043BF4986}
		{ECFD0674-EF88-447D-9DF3-7934880E1929} = {02EA681E-C7D8-13C7-8484-4AC65E1B71E8}
		{ED667514-2527-ACA3-7480-46EB3A180F05} = {C6B9CA6E-586B-4BED-9CF0-B5AF69D49664}
		{B2D9E81C-6E5F-AC3E-14D3-623825AB4257} = {FE72E2FD-A75C-4D74-8087-EAA1038FF4A9}
		{9B06DE56-AE27-49E5-B081-F1AFBF9D1431} = {112D5237-C1E7-409A-8B69-44E54229F2BB}
		{9668F843-850D-4A61-A336-AC774881C6DF} = {9B06DE56-AE27-49E5-B081-F1AFBF9D1431}
		{3EF7ECE7-4864-4070-BAD0-64458BD2005A} = {44938AF1-9953-4D76-B4C3-10F043BF4986}
		{C39566FF-4577-40C1-B529-01C083AB5569} = {44938AF1-9953-4D76-B4C3-10F043BF4986}
		{C31BF3BC-4571-4790-9C69-C1525F354BCF} = {44938AF1-9953-4D76-B4C3-10F043BF4986}
		{E89CAECF-9A82-4D84-A1B1-2C52A5146A34} = {3EF7ECE7-4864-4070-BAD0-64458BD2005A}
		{51955138-D568-4F86-BF85-50ABE31B4222} = {C39566FF-4577-40C1-B529-01C083AB5569}
		{71B58564-540D-489F-9654-CD30E4312DE9} = {C31BF3BC-4571-4790-9C69-C1525F354BCF}
		{2AA26F8E-6F45-E6E9-0EF0-2B01D5FD8518} = {C18F8E4D-1E8B-4188-ABBE-509665BDAAAC}
		{96B648A1-299B-0369-0C98-19BC83A7CEF9} = {C18F8E4D-1E8B-4188-ABBE-509665BDAAAC}
		{6AFE1399-CC9E-F460-FF1A-F406CCF7D8C2} = {C18F8E4D-1E8B-4188-ABBE-509665BDAAAC}
		{444CB9C3-D60E-428D-8934-0914C1F00460} = {44938AF1-9953-4D76-B4C3-10F043BF4986}
		{D23C0632-96B4-4018-914C-F6E02F7665C7} = {444CB9C3-D60E-428D-8934-0914C1F00460}
		{6AAD00B2-C7D6-4F0E-ADB7-60EA4EC64DE9} = {C6B9CA6E-586B-4BED-9CF0-B5AF69D49664}
		{E0C1DD85-E4FE-4E77-8190-785B1117FC7D} = {444CB9C3-D60E-428D-8934-0914C1F00460}
		{FEF63059-E45C-4761-8F8A-01BE54EB21C1} = {444CB9C3-D60E-428D-8934-0914C1F00460}
		{C1D279C9-D6E4-43A3-BA93-B05BEB6B8162} = {444CB9C3-D60E-428D-8934-0914C1F00460}
		{5BF96924-5400-4B40-AEBE-BDF9FC92B736} = {C39566FF-4577-40C1-B529-01C083AB5569}
		{2F738663-5981-428F-9FC2-63D4823E7653} = {C39566FF-4577-40C1-B529-01C083AB5569}
		{AAA0C2FD-A013-4B38-8E65-F9D71087314F} = {C39566FF-4577-40C1-B529-01C083AB5569}
		{C55F96A6-2261-4B3F-A25B-5F70BA5369E4} = {C31BF3BC-4571-4790-9C69-C1525F354BCF}
		{13261427-79B9-4C06-AF53-C7BB081A8658} = {C31BF3BC-4571-4790-9C69-C1525F354BCF}
		{842FD50D-7042-45AB-B8B3-90EB79854CCF} = {C31BF3BC-4571-4790-9C69-C1525F354BCF}
		{ADE56DBF-2BD2-4A93-B625-6A1F033986A5} = {3EF7ECE7-4864-4070-BAD0-64458BD2005A}
		{DBE5B03A-B0FE-4E85-BD70-C84CD62C081C} = {3EF7ECE7-4864-4070-BAD0-64458BD2005A}
		{4111C281-D93A-4B00-98AA-CD8E22BC2AEC} = {3EF7ECE7-4864-4070-BAD0-64458BD2005A}
		{08B30811-4C85-7073-16FA-9152F3329D90} = {E09DD6CA-8BA7-4E90-98A6-AC5940C30D91}
		{9D5E6423-E3C6-098D-72BB-869758186C05} = {E09DD6CA-8BA7-4E90-98A6-AC5940C30D91}
	EndGlobalSection
	GlobalSection(ExtensibilityGlobals) = postSolution
		SolutionGuid = {58D7D618-54DB-4C5C-A5D2-10FC55BE1315}
	EndGlobalSection
EndGlobal
